Microsoft Visual Studio Solution File, Format Version 12.00
# Visual Studio 15
VisualStudioVersion = 15.0.26124.0
MinimumVisualStudioVersion = 15.0.26124.0
Project("{9A19103F-16F7-4668-BE54-9A1E7A4F7556}") = "BluejayWeb", "BluejayWeb\BluejayWeb.csproj", "{92CD8C51-6188-42D4-95A4-B357BEA33EDB}"
EndProject
Project("{9A19103F-16F7-4668-BE54-9A1E7A4F7556}") = "BluejayModel", "BluejayModel\BluejayModel.csproj", "{6A2AA124-A812-451C-B173-4295A6276952}"
EndProject
Global
	GlobalSection(SolutionConfigurationPlatforms) = preSolution
		Debug|Any CPU = Debug|Any CPU
		Debug|x64 = Debug|x64
		Debug|x86 = Debug|x86
		Release|Any CPU = Release|Any CPU
		Release|x64 = Release|x64
		Release|x86 = Release|x86
	EndGlobalSection
	GlobalSection(ProjectConfigurationPlatforms) = postSolution
		{92CD8C51-6188-42D4-95A4-B357BEA33EDB}.Debug|Any CPU.ActiveCfg = Debug|Any CPU
		{92CD8C51-6188-42D4-95A4-B357BEA33EDB}.Debug|Any CPU.Build.0 = Debug|Any CPU
		{92CD8C51-6188-42D4-95A4-B357BEA33EDB}.Debug|x64.ActiveCfg = Debug|Any CPU
		{92CD8C51-6188-42D4-95A4-B357BEA33EDB}.Debug|x64.Build.0 = Debug|Any CPU
		{92CD8C51-6188-42D4-95A4-B357BEA33EDB}.Debug|x86.ActiveCfg = Debug|Any CPU
		{92CD8C51-6188-42D4-95A4-B357BEA33EDB}.Debug|x86.Build.0 = Debug|Any CPU
		{92CD8C51-6188-42D4-95A4-B357BEA33EDB}.Release|Any CPU.ActiveCfg = Release|Any CPU
		{92CD8C51-6188-42D4-95A4-B357BEA33EDB}.Release|Any CPU.Build.0 = Release|Any CPU
		{92CD8C51-6188-42D4-95A4-B357BEA33EDB}.Release|x64.ActiveCfg = Release|Any CPU
		{92CD8C51-6188-42D4-95A4-B357BEA33EDB}.Release|x64.Build.0 = Release|Any CPU
		{92CD8C51-6188-42D4-95A4-B357BEA33EDB}.Release|x86.ActiveCfg = Release|Any CPU
		{92CD8C51-6188-42D4-95A4-B357BEA33EDB}.Release|x86.Build.0 = Release|Any CPU
		{6A2AA124-A812-451C-B173-4295A6276952}.Debug|Any CPU.ActiveCfg = Debug|Any CPU
		{6A2AA124-A812-451C-B173-4295A6276952}.Debug|Any CPU.Build.0 = Debug|Any CPU
		{6A2AA124-A812-451C-B173-4295A6276952}.Debug|x64.ActiveCfg = Debug|Any CPU
		{6A2AA124-A812-451C-B173-4295A6276952}.Debug|x64.Build.0 = Debug|Any CPU
		{6A2AA124-A812-451C-B173-4295A6276952}.Debug|x86.ActiveCfg = Debug|Any CPU
		{6A2AA124-A812-451C-B173-4295A6276952}.Debug|x86.Build.0 = Debug|Any CPU
		{6A2AA124-A812-451C-B173-4295A6276952}.Release|Any CPU.ActiveCfg = Release|Any CPU
		{6A2AA124-A812-451C-B173-4295A6276952}.Release|Any CPU.Build.0 = Release|Any CPU
		{6A2AA124-A812-451C-B173-4295A6276952}.Release|x64.ActiveCfg = Release|Any CPU
		{6A2AA124-A812-451C-B173-4295A6276952}.Release|x64.Build.0 = Release|Any CPU
		{6A2AA124-A812-451C-B173-4295A6276952}.Release|x86.ActiveCfg = Release|Any CPU
		{6A2AA124-A812-451C-B173-4295A6276952}.Release|x86.Build.0 = Release|Any CPU
	EndGlobalSection
	GlobalSection(SolutionProperties) = preSolution
		HideSolutionNode = FALSE
	EndGlobalSection
	GlobalSection(ExtensibilityGlobals) = postSolution
		SolutionGuid = {B57C5207-D861-41C0-B73C-48DD548EDADC}
	EndGlobalSection
EndGlobal
