Microsoft Visual Studio Solution File, Format Version 12.00
# Visual Studio 15
VisualStudioVersion = 15.0.26124.0
MinimumVisualStudioVersion = 15.0.26124.0
Project("{9A19103F-16F7-4668-BE54-9A1E7A4F7556}") = "BluejayWeb", "BluejayWeb\BluejayWeb.csproj", "{C5A6C5DC-2D2E-48C5-ADC7-65E0A235793F}"
EndProject
Global
	GlobalSection(SolutionConfigurationPlatforms) = preSolution
		Debug|Any CPU = Debug|Any CPU
		Debug|x64 = Debug|x64
		Debug|x86 = Debug|x86
		Release|Any CPU = Release|Any CPU
		Release|x64 = Release|x64
		Release|x86 = Release|x86
	EndGlobalSection
	GlobalSection(ProjectConfigurationPlatforms) = postSolution
		{C5A6C5DC-2D2E-48C5-ADC7-65E0A235793F}.Debug|Any CPU.ActiveCfg = Debug|Any CPU
		{C5A6C5DC-2D2E-48C5-ADC7-65E0A235793F}.Debug|Any CPU.Build.0 = Debug|Any CPU
		{C5A6C5DC-2D2E-48C5-ADC7-65E0A235793F}.Debug|x64.ActiveCfg = Debug|Any CPU
		{C5A6C5DC-2D2E-48C5-ADC7-65E0A235793F}.Debug|x64.Build.0 = Debug|Any CPU
		{C5A6C5DC-2D2E-48C5-ADC7-65E0A235793F}.Debug|x86.ActiveCfg = Debug|Any CPU
		{C5A6C5DC-2D2E-48C5-ADC7-65E0A235793F}.Debug|x86.Build.0 = Debug|Any CPU
		{C5A6C5DC-2D2E-48C5-ADC7-65E0A235793F}.Release|Any CPU.ActiveCfg = Release|Any CPU
		{C5A6C5DC-2D2E-48C5-ADC7-65E0A235793F}.Release|Any CPU.Build.0 = Release|Any CPU
		{C5A6C5DC-2D2E-48C5-ADC7-65E0A235793F}.Release|x64.ActiveCfg = Release|Any CPU
		{C5A6C5DC-2D2E-48C5-ADC7-65E0A235793F}.Release|x64.Build.0 = Release|Any CPU
		{C5A6C5DC-2D2E-48C5-ADC7-65E0A235793F}.Release|x86.ActiveCfg = Release|Any CPU
		{C5A6C5DC-2D2E-48C5-ADC7-65E0A235793F}.Release|x86.Build.0 = Release|Any CPU
	EndGlobalSection
	GlobalSection(SolutionProperties) = preSolution
		HideSolutionNode = FALSE
	EndGlobalSection
	GlobalSection(ExtensibilityGlobals) = postSolution
		SolutionGuid = {44825892-0D8B-4302-9066-705EE6094124}
	EndGlobalSection
EndGlobal
